// !$*UTF8*$!
{
	archiveVersion = 1;
	classes = {
	};
	objectVersion = 55;
	objects = {

/* Begin PBXBuildFile section */
		4C0F1C482A8929570079130A /* Utils.swift in Sources */ = {isa = PBXBuildFile; fileRef = 4C0F1C472A8929570079130A /* Utils.swift */; };
		4C2791522A87E9BF00A40428 /* YWWidgetApp.swift in Sources */ = {isa = PBXBuildFile; fileRef = 4C2791512A87E9BF00A40428 /* YWWidgetApp.swift */; };
		4C2791542A87E9BF00A40428 /* ContentView.swift in Sources */ = {isa = PBXBuildFile; fileRef = 4C2791532A87E9BF00A40428 /* ContentView.swift */; };
		4C2791562A87E9C500A40428 /* Assets.xcassets in Resources */ = {isa = PBXBuildFile; fileRef = 4C2791552A87E9C500A40428 /* Assets.xcassets */; };
		4C2791592A87E9C500A40428 /* Preview Assets.xcassets in Resources */ = {isa = PBXBuildFile; fileRef = 4C2791582A87E9C500A40428 /* Preview Assets.xcassets */; };
		4C27917B2A87F05200A40428 /* WidgetKit.framework in Frameworks */ = {isa = PBXBuildFile; fileRef = 4C2791662A87EA4900A40428 /* WidgetKit.framework */; };
		4C27917C2A87F05200A40428 /* SwiftUI.framework in Frameworks */ = {isa = PBXBuildFile; fileRef = 4C2791682A87EA4900A40428 /* SwiftUI.framework */; };
		4C27917F2A87F05200A40428 /* WeatherWidget.swift in Sources */ = {isa = PBXBuildFile; fileRef = 4C27917E2A87F05200A40428 /* WeatherWidget.swift */; };
		4C2791822A87F05400A40428 /* Assets.xcassets in Resources */ = {isa = PBXBuildFile; fileRef = 4C2791812A87F05400A40428 /* Assets.xcassets */; };
		4C2791852A87F05400A40428 /* WeatherWidget.intentdefinition in Sources */ = {isa = PBXBuildFile; fileRef = 4C2791802A87F05200A40428 /* WeatherWidget.intentdefinition */; };
		4C2791862A87F05400A40428 /* WeatherWidget.intentdefinition in Sources */ = {isa = PBXBuildFile; fileRef = 4C2791802A87F05200A40428 /* WeatherWidget.intentdefinition */; };
		4C2791892A87F05400A40428 /* WeatherWidgetExtension.appex in Embed App Extensions */ = {isa = PBXBuildFile; fileRef = 4C27917A2A87F05200A40428 /* WeatherWidgetExtension.appex */; settings = {ATTRIBUTES = (RemoveHeadersOnCopy, ); }; };
		4C27918F2A880B1F00A40428 /* Provider.swift in Sources */ = {isa = PBXBuildFile; fileRef = 4C27918E2A880B1F00A40428 /* Provider.swift */; };
		4C2791912A8813D200A40428 /* WeatherWidgetEntryView.swift in Sources */ = {isa = PBXBuildFile; fileRef = 4C2791902A8813D200A40428 /* WeatherWidgetEntryView.swift */; };
		4C7B265E2A8EB284002EF442 /* Utils.swift in Sources */ = {isa = PBXBuildFile; fileRef = 4C7B265D2A8EB284002EF442 /* Utils.swift */; };
		4C7B26602A8EB4EB002EF442 /* AppDelegate.swift in Sources */ = {isa = PBXBuildFile; fileRef = 4C7B265F2A8EB4EB002EF442 /* AppDelegate.swift */; };
		4C8E80822A8C0E8300E105ED /* WeatherService.swift in Sources */ = {isa = PBXBuildFile; fileRef = 4C8E80812A8C0E8300E105ED /* WeatherService.swift */; };
/* End PBXBuildFile section */

/* Begin PBXContainerItemProxy section */
		4C2791872A87F05400A40428 /* PBXContainerItemProxy */ = {
			isa = PBXContainerItemProxy;
			containerPortal = 4C2791462A87E9BF00A40428 /* Project object */;
			proxyType = 1;
			remoteGlobalIDString = 4C2791792A87F05200A40428;
			remoteInfo = WeatherWidgetExtension;
		};
/* End PBXContainerItemProxy section */

/* Begin PBXCopyFilesBuildPhase section */
		4C27918D2A87F05400A40428 /* Embed App Extensions */ = {
			isa = PBXCopyFilesBuildPhase;
			buildActionMask = 2147483647;
			dstPath = "";
			dstSubfolderSpec = 13;
			files = (
				4C2791892A87F05400A40428 /* WeatherWidgetExtension.appex in Embed App Extensions */,
			);
			name = "Embed App Extensions";
			runOnlyForDeploymentPostprocessing = 0;
		};
/* End PBXCopyFilesBuildPhase section */

/* Begin PBXFileReference section */
		4C0F1C472A8929570079130A /* Utils.swift */ = {isa = PBXFileReference; lastKnownFileType = sourcecode.swift; path = Utils.swift; sourceTree = "<group>"; };
		4C27914E2A87E9BF00A40428 /* YWWidget.app */ = {isa = PBXFileReference; explicitFileType = wrapper.application; includeInIndex = 0; path = YWWidget.app; sourceTree = BUILT_PRODUCTS_DIR; };
		4C2791512A87E9BF00A40428 /* YWWidgetApp.swift */ = {isa = PBXFileReference; lastKnownFileType = sourcecode.swift; path = YWWidgetApp.swift; sourceTree = "<group>"; };
		4C2791532A87E9BF00A40428 /* ContentView.swift */ = {isa = PBXFileReference; lastKnownFileType = sourcecode.swift; path = ContentView.swift; sourceTree = "<group>"; };
		4C2791552A87E9C500A40428 /* Assets.xcassets */ = {isa = PBXFileReference; lastKnownFileType = folder.assetcatalog; path = Assets.xcassets; sourceTree = "<group>"; };
		4C2791582A87E9C500A40428 /* Preview Assets.xcassets */ = {isa = PBXFileReference; lastKnownFileType = folder.assetcatalog; path = "Preview Assets.xcassets"; sourceTree = "<group>"; };
		4C27915A2A87E9C500A40428 /* YWWidget.entitlements */ = {isa = PBXFileReference; lastKnownFileType = text.plist.entitlements; path = YWWidget.entitlements; sourceTree = "<group>"; };
		4C2791662A87EA4900A40428 /* WidgetKit.framework */ = {isa = PBXFileReference; lastKnownFileType = wrapper.framework; name = WidgetKit.framework; path = System/Library/Frameworks/WidgetKit.framework; sourceTree = SDKROOT; };
		4C2791682A87EA4900A40428 /* SwiftUI.framework */ = {isa = PBXFileReference; lastKnownFileType = wrapper.framework; name = SwiftUI.framework; path = System/Library/Frameworks/SwiftUI.framework; sourceTree = SDKROOT; };
		4C27917A2A87F05200A40428 /* WeatherWidgetExtension.appex */ = {isa = PBXFileReference; explicitFileType = "wrapper.app-extension"; includeInIndex = 0; path = WeatherWidgetExtension.appex; sourceTree = BUILT_PRODUCTS_DIR; };
		4C27917E2A87F05200A40428 /* WeatherWidget.swift */ = {isa = PBXFileReference; lastKnownFileType = sourcecode.swift; path = WeatherWidget.swift; sourceTree = "<group>"; };
		4C2791802A87F05200A40428 /* WeatherWidget.intentdefinition */ = {isa = PBXFileReference; lastKnownFileType = file.intentdefinition; path = WeatherWidget.intentdefinition; sourceTree = "<group>"; };
		4C2791812A87F05400A40428 /* Assets.xcassets */ = {isa = PBXFileReference; lastKnownFileType = folder.assetcatalog; path = Assets.xcassets; sourceTree = "<group>"; };
		4C2791832A87F05400A40428 /* Info.plist */ = {isa = PBXFileReference; lastKnownFileType = text.plist.xml; path = Info.plist; sourceTree = "<group>"; };
		4C2791842A87F05400A40428 /* WeatherWidget.entitlements */ = {isa = PBXFileReference; lastKnownFileType = text.plist.entitlements; path = WeatherWidget.entitlements; sourceTree = "<group>"; };
		4C27918E2A880B1F00A40428 /* Provider.swift */ = {isa = PBXFileReference; lastKnownFileType = sourcecode.swift; path = Provider.swift; sourceTree = "<group>"; };
		4C2791902A8813D200A40428 /* WeatherWidgetEntryView.swift */ = {isa = PBXFileReference; lastKnownFileType = sourcecode.swift; path = WeatherWidgetEntryView.swift; sourceTree = "<group>"; };
		4C7B265D2A8EB284002EF442 /* Utils.swift */ = {isa = PBXFileReference; lastKnownFileType = sourcecode.swift; path = Utils.swift; sourceTree = "<group>"; };
		4C7B265F2A8EB4EB002EF442 /* AppDelegate.swift */ = {isa = PBXFileReference; lastKnownFileType = sourcecode.swift; path = AppDelegate.swift; sourceTree = "<group>"; };
		4C8E80812A8C0E8300E105ED /* WeatherService.swift */ = {isa = PBXFileReference; lastKnownFileType = sourcecode.swift; path = WeatherService.swift; sourceTree = "<group>"; };
		4CCC3E782A92536600A0DE08 /* screenshot.png */ = {isa = PBXFileReference; lastKnownFileType = image.png; path = screenshot.png; sourceTree = "<group>"; };
		4CCC3E792A9253A600A0DE08 /* README.md */ = {isa = PBXFileReference; lastKnownFileType = net.daringfireball.markdown; path = README.md; sourceTree = "<group>"; };
/* End PBXFileReference section */

/* Begin PBXFrameworksBuildPhase section */
		4C27914B2A87E9BF00A40428 /* Frameworks */ = {
			isa = PBXFrameworksBuildPhase;
			buildActionMask = 2147483647;
			files = (
			);
			runOnlyForDeploymentPostprocessing = 0;
		};
		4C2791772A87F05200A40428 /* Frameworks */ = {
			isa = PBXFrameworksBuildPhase;
			buildActionMask = 2147483647;
			files = (
				4C27917C2A87F05200A40428 /* SwiftUI.framework in Frameworks */,
				4C27917B2A87F05200A40428 /* WidgetKit.framework in Frameworks */,
			);
			runOnlyForDeploymentPostprocessing = 0;
		};
/* End PBXFrameworksBuildPhase section */

/* Begin PBXGroup section */
		4C2791452A87E9BF00A40428 = {
			isa = PBXGroup;
			children = (
				4C2791502A87E9BF00A40428 /* YWWidget */,
				4C27917D2A87F05200A40428 /* WeatherWidget */,
				4C2791652A87EA4900A40428 /* Frameworks */,
				4CCC3E782A92536600A0DE08 /* screenshot.png */,
				4CCC3E792A9253A600A0DE08 /* README.md */,
				4C27914F2A87E9BF00A40428 /* Products */,
			);
			sourceTree = "<group>";
		};
		4C27914F2A87E9BF00A40428 /* Products */ = {
			isa = PBXGroup;
			children = (
				4C27914E2A87E9BF00A40428 /* YWWidget.app */,
				4C27917A2A87F05200A40428 /* WeatherWidgetExtension.appex */,
			);
			name = Products;
			sourceTree = "<group>";
		};
		4C2791502A87E9BF00A40428 /* YWWidget */ = {
			isa = PBXGroup;
			children = (
				4C2791512A87E9BF00A40428 /* YWWidgetApp.swift */,
				4C7B265F2A8EB4EB002EF442 /* AppDelegate.swift */,
				4C2791532A87E9BF00A40428 /* ContentView.swift */,
				4C7B265D2A8EB284002EF442 /* Utils.swift */,
				4C2791552A87E9C500A40428 /* Assets.xcassets */,
				4C27915A2A87E9C500A40428 /* YWWidget.entitlements */,
				4C2791572A87E9C500A40428 /* Preview Content */,
			);
			path = YWWidget;
			sourceTree = "<group>";
		};
		4C2791572A87E9C500A40428 /* Preview Content */ = {
			isa = PBXGroup;
			children = (
				4C2791582A87E9C500A40428 /* Preview Assets.xcassets */,
			);
			path = "Preview Content";
			sourceTree = "<group>";
		};
		4C2791652A87EA4900A40428 /* Frameworks */ = {
			isa = PBXGroup;
			children = (
				4C2791662A87EA4900A40428 /* WidgetKit.framework */,
				4C2791682A87EA4900A40428 /* SwiftUI.framework */,
			);
			name = Frameworks;
			sourceTree = "<group>";
		};
		4C27917D2A87F05200A40428 /* WeatherWidget */ = {
			isa = PBXGroup;
			children = (
				4C27917E2A87F05200A40428 /* WeatherWidget.swift */,
				4C2791902A8813D200A40428 /* WeatherWidgetEntryView.swift */,
				4C27918E2A880B1F00A40428 /* Provider.swift */,
				4C8E80812A8C0E8300E105ED /* WeatherService.swift */,
				4C0F1C472A8929570079130A /* Utils.swift */,
				4C2791802A87F05200A40428 /* WeatherWidget.intentdefinition */,
				4C2791812A87F05400A40428 /* Assets.xcassets */,
				4C2791832A87F05400A40428 /* Info.plist */,
				4C2791842A87F05400A40428 /* WeatherWidget.entitlements */,
			);
			path = WeatherWidget;
			sourceTree = "<group>";
		};
/* End PBXGroup section */

/* Begin PBXNativeTarget section */
		4C27914D2A87E9BF00A40428 /* YWWidget */ = {
			isa = PBXNativeTarget;
			buildConfigurationList = 4C27915D2A87E9C500A40428 /* Build configuration list for PBXNativeTarget "YWWidget" */;
			buildPhases = (
				4C27914A2A87E9BF00A40428 /* Sources */,
				4C27914B2A87E9BF00A40428 /* Frameworks */,
				4C27914C2A87E9BF00A40428 /* Resources */,
				4C27918D2A87F05400A40428 /* Embed App Extensions */,
			);
			buildRules = (
			);
			dependencies = (
				4C2791882A87F05400A40428 /* PBXTargetDependency */,
			);
			name = YWWidget;
			productName = YWWidget;
			productReference = 4C27914E2A87E9BF00A40428 /* YWWidget.app */;
			productType = "com.apple.product-type.application";
		};
		4C2791792A87F05200A40428 /* WeatherWidgetExtension */ = {
			isa = PBXNativeTarget;
			buildConfigurationList = 4C27918A2A87F05400A40428 /* Build configuration list for PBXNativeTarget "WeatherWidgetExtension" */;
			buildPhases = (
				4C2791762A87F05200A40428 /* Sources */,
				4C2791772A87F05200A40428 /* Frameworks */,
				4C2791782A87F05200A40428 /* Resources */,
			);
			buildRules = (
			);
			dependencies = (
			);
			name = WeatherWidgetExtension;
			productName = WeatherWidgetExtension;
			productReference = 4C27917A2A87F05200A40428 /* WeatherWidgetExtension.appex */;
			productType = "com.apple.product-type.app-extension";
		};
/* End PBXNativeTarget section */

/* Begin PBXProject section */
		4C2791462A87E9BF00A40428 /* Project object */ = {
			isa = PBXProject;
			attributes = {
				BuildIndependentTargetsInParallel = 1;
				LastSwiftUpdateCheck = 1340;
				LastUpgradeCheck = 1340;
				TargetAttributes = {
					4C27914D2A87E9BF00A40428 = {
						CreatedOnToolsVersion = 13.4;
					};
					4C2791792A87F05200A40428 = {
						CreatedOnToolsVersion = 13.4;
					};
				};
			};
			buildConfigurationList = 4C2791492A87E9BF00A40428 /* Build configuration list for PBXProject "YWWidget" */;
			compatibilityVersion = "Xcode 13.0";
			developmentRegion = en;
			hasScannedForEncodings = 0;
			knownRegions = (
				en,
				Base,
			);
			mainGroup = 4C2791452A87E9BF00A40428;
			productRefGroup = 4C27914F2A87E9BF00A40428 /* Products */;
			projectDirPath = "";
			projectRoot = "";
			targets = (
				4C27914D2A87E9BF00A40428 /* YWWidget */,
				4C2791792A87F05200A40428 /* WeatherWidgetExtension */,
			);
		};
/* End PBXProject section */

/* Begin PBXResourcesBuildPhase section */
		4C27914C2A87E9BF00A40428 /* Resources */ = {
			isa = PBXResourcesBuildPhase;
			buildActionMask = 2147483647;
			files = (
				4C2791592A87E9C500A40428 /* Preview Assets.xcassets in Resources */,
				4C2791562A87E9C500A40428 /* Assets.xcassets in Resources */,
			);
			runOnlyForDeploymentPostprocessing = 0;
		};
		4C2791782A87F05200A40428 /* Resources */ = {
			isa = PBXResourcesBuildPhase;
			buildActionMask = 2147483647;
			files = (
				4C2791822A87F05400A40428 /* Assets.xcassets in Resources */,
			);
			runOnlyForDeploymentPostprocessing = 0;
		};
/* End PBXResourcesBuildPhase section */

/* Begin PBXSourcesBuildPhase section */
		4C27914A2A87E9BF00A40428 /* Sources */ = {
			isa = PBXSourcesBuildPhase;
			buildActionMask = 2147483647;
			files = (
				4C2791542A87E9BF00A40428 /* ContentView.swift in Sources */,
				4C2791522A87E9BF00A40428 /* YWWidgetApp.swift in Sources */,
				4C2791862A87F05400A40428 /* WeatherWidget.intentdefinition in Sources */,
				4C7B26602A8EB4EB002EF442 /* AppDelegate.swift in Sources */,
				4C7B265E2A8EB284002EF442 /* Utils.swift in Sources */,
			);
			runOnlyForDeploymentPostprocessing = 0;
		};
		4C2791762A87F05200A40428 /* Sources */ = {
			isa = PBXSourcesBuildPhase;
			buildActionMask = 2147483647;
			files = (
				4C0F1C482A8929570079130A /* Utils.swift in Sources */,
				4C2791912A8813D200A40428 /* WeatherWidgetEntryView.swift in Sources */,
				4C27917F2A87F05200A40428 /* WeatherWidget.swift in Sources */,
				4C27918F2A880B1F00A40428 /* Provider.swift in Sources */,
				4C8E80822A8C0E8300E105ED /* WeatherService.swift in Sources */,
				4C2791852A87F05400A40428 /* WeatherWidget.intentdefinition in Sources */,
			);
			runOnlyForDeploymentPostprocessing = 0;
		};
/* End PBXSourcesBuildPhase section */

/* Begin PBXTargetDependency section */
		4C2791882A87F05400A40428 /* PBXTargetDependency */ = {
			isa = PBXTargetDependency;
			target = 4C2791792A87F05200A40428 /* WeatherWidgetExtension */;
			targetProxy = 4C2791872A87F05400A40428 /* PBXContainerItemProxy */;
		};
/* End PBXTargetDependency section */

/* Begin XCBuildConfiguration section */
		4C27915B2A87E9C500A40428 /* Debug */ = {
			isa = XCBuildConfiguration;
			buildSettings = {
				ALWAYS_SEARCH_USER_PATHS = NO;
				CLANG_ANALYZER_NONNULL = YES;
				CLANG_ANALYZER_NUMBER_OBJECT_CONVERSION = YES_AGGRESSIVE;
				CLANG_CXX_LANGUAGE_STANDARD = "gnu++17";
				CLANG_ENABLE_MODULES = YES;
				CLANG_ENABLE_OBJC_ARC = YES;
				CLANG_ENABLE_OBJC_WEAK = YES;
				CLANG_WARN_BLOCK_CAPTURE_AUTORELEASING = YES;
				CLANG_WARN_BOOL_CONVERSION = YES;
				CLANG_WARN_COMMA = YES;
				CLANG_WARN_CONSTANT_CONVERSION = YES;
				CLANG_WARN_DEPRECATED_OBJC_IMPLEMENTATIONS = YES;
				CLANG_WARN_DIRECT_OBJC_ISA_USAGE = YES_ERROR;
				CLANG_WARN_DOCUMENTATION_COMMENTS = YES;
				CLANG_WARN_EMPTY_BODY = YES;
				CLANG_WARN_ENUM_CONVERSION = YES;
				CLANG_WARN_INFINITE_RECURSION = YES;
				CLANG_WARN_INT_CONVERSION = YES;
				CLANG_WARN_NON_LITERAL_NULL_CONVERSION = YES;
				CLANG_WARN_OBJC_IMPLICIT_RETAIN_SELF = YES;
				CLANG_WARN_OBJC_LITERAL_CONVERSION = YES;
				CLANG_WARN_OBJC_ROOT_CLASS = YES_ERROR;
				CLANG_WARN_QUOTED_INCLUDE_IN_FRAMEWORK_HEADER = YES;
				CLANG_WARN_RANGE_LOOP_ANALYSIS = YES;
				CLANG_WARN_STRICT_PROTOTYPES = YES;
				CLANG_WARN_SUSPICIOUS_MOVE = YES;
				CLANG_WARN_UNGUARDED_AVAILABILITY = YES_AGGRESSIVE;
				CLANG_WARN_UNREACHABLE_CODE = YES;
				CLANG_WARN__DUPLICATE_METHOD_MATCH = YES;
				COPY_PHASE_STRIP = NO;
				DEBUG_INFORMATION_FORMAT = dwarf;
				ENABLE_STRICT_OBJC_MSGSEND = YES;
				ENABLE_TESTABILITY = YES;
				GCC_C_LANGUAGE_STANDARD = gnu11;
				GCC_DYNAMIC_NO_PIC = NO;
				GCC_NO_COMMON_BLOCKS = YES;
				GCC_OPTIMIZATION_LEVEL = 0;
				GCC_PREPROCESSOR_DEFINITIONS = (
					"DEBUG=1",
					"$(inherited)",
				);
				GCC_WARN_64_TO_32_BIT_CONVERSION = YES;
				GCC_WARN_ABOUT_RETURN_TYPE = YES_ERROR;
				GCC_WARN_UNDECLARED_SELECTOR = YES;
				GCC_WARN_UNINITIALIZED_AUTOS = YES_AGGRESSIVE;
				GCC_WARN_UNUSED_FUNCTION = YES;
				GCC_WARN_UNUSED_VARIABLE = YES;
				MACOSX_DEPLOYMENT_TARGET = 12.2;
				MTL_ENABLE_DEBUG_INFO = INCLUDE_SOURCE;
				MTL_FAST_MATH = YES;
				ONLY_ACTIVE_ARCH = YES;
				SDKROOT = macosx;
				SWIFT_ACTIVE_COMPILATION_CONDITIONS = DEBUG;
				SWIFT_OPTIMIZATION_LEVEL = "-Onone";
			};
			name = Debug;
		};
		4C27915C2A87E9C500A40428 /* Release */ = {
			isa = XCBuildConfiguration;
			buildSettings = {
				ALWAYS_SEARCH_USER_PATHS = NO;
				CLANG_ANALYZER_NONNULL = YES;
				CLANG_ANALYZER_NUMBER_OBJECT_CONVERSION = YES_AGGRESSIVE;
				CLANG_CXX_LANGUAGE_STANDARD = "gnu++17";
				CLANG_ENABLE_MODULES = YES;
				CLANG_ENABLE_OBJC_ARC = YES;
				CLANG_ENABLE_OBJC_WEAK = YES;
				CLANG_WARN_BLOCK_CAPTURE_AUTORELEASING = YES;
				CLANG_WARN_BOOL_CONVERSION = YES;
				CLANG_WARN_COMMA = YES;
				CLANG_WARN_CONSTANT_CONVERSION = YES;
				CLANG_WARN_DEPRECATED_OBJC_IMPLEMENTATIONS = YES;
				CLANG_WARN_DIRECT_OBJC_ISA_USAGE = YES_ERROR;
				CLANG_WARN_DOCUMENTATION_COMMENTS = YES;
				CLANG_WARN_EMPTY_BODY = YES;
				CLANG_WARN_ENUM_CONVERSION = YES;
				CLANG_WARN_INFINITE_RECURSION = YES;
				CLANG_WARN_INT_CONVERSION = YES;
				CLANG_WARN_NON_LITERAL_NULL_CONVERSION = YES;
				CLANG_WARN_OBJC_IMPLICIT_RETAIN_SELF = YES;
				CLANG_WARN_OBJC_LITERAL_CONVERSION = YES;
				CLANG_WARN_OBJC_ROOT_CLASS = YES_ERROR;
				CLANG_WARN_QUOTED_INCLUDE_IN_FRAMEWORK_HEADER = YES;
				CLANG_WARN_RANGE_LOOP_ANALYSIS = YES;
				CLANG_WARN_STRICT_PROTOTYPES = YES;
				CLANG_WARN_SUSPICIOUS_MOVE = YES;
				CLANG_WARN_UNGUARDED_AVAILABILITY = YES_AGGRESSIVE;
				CLANG_WARN_UNREACHABLE_CODE = YES;
				CLANG_WARN__DUPLICATE_METHOD_MATCH = YES;
				COPY_PHASE_STRIP = NO;
				DEBUG_INFORMATION_FORMAT = "dwarf-with-dsym";
				ENABLE_NS_ASSERTIONS = NO;
				ENABLE_STRICT_OBJC_MSGSEND = YES;
				GCC_C_LANGUAGE_STANDARD = gnu11;
				GCC_NO_COMMON_BLOCKS = YES;
				GCC_WARN_64_TO_32_BIT_CONVERSION = YES;
				GCC_WARN_ABOUT_RETURN_TYPE = YES_ERROR;
				GCC_WARN_UNDECLARED_SELECTOR = YES;
				GCC_WARN_UNINITIALIZED_AUTOS = YES_AGGRESSIVE;
				GCC_WARN_UNUSED_FUNCTION = YES;
				GCC_WARN_UNUSED_VARIABLE = YES;
				MACOSX_DEPLOYMENT_TARGET = 12.2;
				MTL_ENABLE_DEBUG_INFO = NO;
				MTL_FAST_MATH = YES;
				SDKROOT = macosx;
				SWIFT_COMPILATION_MODE = wholemodule;
				SWIFT_OPTIMIZATION_LEVEL = "-O";
			};
			name = Release;
		};
		4C27915E2A87E9C500A40428 /* Debug */ = {
			isa = XCBuildConfiguration;
			buildSettings = {
				ALWAYS_EMBED_SWIFT_STANDARD_LIBRARIES = YES;
				ASSETCATALOG_COMPILER_APPICON_NAME = AppIcon;
				ASSETCATALOG_COMPILER_GLOBAL_ACCENT_COLOR_NAME = AccentColor;
				CODE_SIGN_ENTITLEMENTS = YWWidget/YWWidget.entitlements;
				CODE_SIGN_STYLE = Automatic;
				COMBINE_HIDPI_IMAGES = YES;
				CURRENT_PROJECT_VERSION = 12;
				DEVELOPMENT_ASSET_PATHS = "\"YWWidget/Preview Content\"";
				DEVELOPMENT_TEAM = MX8VD58W44;
				ENABLE_HARDENED_RUNTIME = YES;
				ENABLE_PREVIEWS = YES;
				GENERATE_INFOPLIST_FILE = YES;
				INFOPLIST_KEY_LSApplicationCategoryType = "public.app-category.weather";
				INFOPLIST_KEY_NSHumanReadableCopyright = "";
				LD_RUNPATH_SEARCH_PATHS = (
					"$(inherited)",
					"@executable_path/../Frameworks",
				);
				MARKETING_VERSION = 1.4;
				PRODUCT_BUNDLE_IDENTIFIER = com.bobrosoft.YWWidget;
				PRODUCT_NAME = "$(TARGET_NAME)";
				SWIFT_EMIT_LOC_STRINGS = YES;
				SWIFT_VERSION = 5.0;
			};
			name = Debug;
		};
		4C27915F2A87E9C500A40428 /* Release */ = {
			isa = XCBuildConfiguration;
			buildSettings = {
				ALWAYS_EMBED_SWIFT_STANDARD_LIBRARIES = YES;
				ASSETCATALOG_COMPILER_APPICON_NAME = AppIcon;
				ASSETCATALOG_COMPILER_GLOBAL_ACCENT_COLOR_NAME = AccentColor;
				CODE_SIGN_ENTITLEMENTS = YWWidget/YWWidget.entitlements;
				CODE_SIGN_STYLE = Automatic;
				COMBINE_HIDPI_IMAGES = YES;
				CURRENT_PROJECT_VERSION = 12;
				DEVELOPMENT_ASSET_PATHS = "\"YWWidget/Preview Content\"";
				DEVELOPMENT_TEAM = MX8VD58W44;
				ENABLE_HARDENED_RUNTIME = YES;
				ENABLE_PREVIEWS = YES;
				GENERATE_INFOPLIST_FILE = YES;
				INFOPLIST_KEY_LSApplicationCategoryType = "public.app-category.weather";
				INFOPLIST_KEY_NSHumanReadableCopyright = "";
				LD_RUNPATH_SEARCH_PATHS = (
					"$(inherited)",
					"@executable_path/../Frameworks",
				);
				MARKETING_VERSION = 1.4;
				PRODUCT_BUNDLE_IDENTIFIER = com.bobrosoft.YWWidget;
				PRODUCT_NAME = "$(TARGET_NAME)";
				SWIFT_EMIT_LOC_STRINGS = YES;
				SWIFT_VERSION = 5.0;
			};
			name = Release;
		};
		4C27918B2A87F05400A40428 /* Debug */ = {
			isa = XCBuildConfiguration;
			buildSettings = {
				ASSETCATALOG_COMPILER_GLOBAL_ACCENT_COLOR_NAME = AccentColor;
				ASSETCATALOG_COMPILER_WIDGET_BACKGROUND_COLOR_NAME = WidgetBackground;
				CODE_SIGN_ENTITLEMENTS = WeatherWidget/WeatherWidget.entitlements;
				CODE_SIGN_STYLE = Automatic;
				CURRENT_PROJECT_VERSION = 12;
				DEVELOPMENT_TEAM = MX8VD58W44;
				ENABLE_HARDENED_RUNTIME = YES;
				GENERATE_INFOPLIST_FILE = YES;
				INFOPLIST_FILE = WeatherWidget/Info.plist;
				INFOPLIST_KEY_CFBundleDisplayName = WeatherWidget;
				INFOPLIST_KEY_NSHumanReadableCopyright = "";
				INFOPLIST_KEY_NSLocationUsageDescription = "Widget is using your current location to show more precise weather information.";
				LD_RUNPATH_SEARCH_PATHS = (
					"$(inherited)",
					"@executable_path/../Frameworks",
					"@executable_path/../../../../Frameworks",
				);
				MACOSX_DEPLOYMENT_TARGET = 11.0;
				MARKETING_VERSION = 1.4;
				PRODUCT_BUNDLE_IDENTIFIER = com.bobrosoft.YWWidget.WeatherWidget;
				PRODUCT_NAME = "$(TARGET_NAME)";
				SKIP_INSTALL = YES;
				SWIFT_EMIT_LOC_STRINGS = YES;
				SWIFT_VERSION = 5.0;
			};
			name = Debug;
		};
		4C27918C2A87F05400A40428 /* Release */ = {
			isa = XCBuildConfiguration;
			buildSettings = {
				ASSETCATALOG_COMPILER_GLOBAL_ACCENT_COLOR_NAME = AccentColor;
				ASSETCATALOG_COMPILER_WIDGET_BACKGROUND_COLOR_NAME = WidgetBackground;
				CODE_SIGN_ENTITLEMENTS = WeatherWidget/WeatherWidget.entitlements;
				CODE_SIGN_STYLE = Automatic;
				CURRENT_PROJECT_VERSION = 12;
				DEVELOPMENT_TEAM = MX8VD58W44;
				ENABLE_HARDENED_RUNTIME = YES;
				GENERATE_INFOPLIST_FILE = YES;
				INFOPLIST_FILE = WeatherWidget/Info.plist;
				INFOPLIST_KEY_CFBundleDisplayName = WeatherWidget;
				INFOPLIST_KEY_NSHumanReadableCopyright = "";
				INFOPLIST_KEY_NSLocationUsageDescription = "Widget is using your current location to show more precise weather information.";
				LD_RUNPATH_SEARCH_PATHS = (
					"$(inherited)",
					"@executable_path/../Frameworks",
					"@executable_path/../../../../Frameworks",
				);
				MACOSX_DEPLOYMENT_TARGET = 11.0;
				MARKETING_VERSION = 1.4;
				PRODUCT_BUNDLE_IDENTIFIER = com.bobrosoft.YWWidget.WeatherWidget;
				PRODUCT_NAME = "$(TARGET_NAME)";
				SKIP_INSTALL = YES;
				SWIFT_EMIT_LOC_STRINGS = YES;
				SWIFT_VERSION = 5.0;
			};
			name = Release;
		};
/* End XCBuildConfiguration section */

/* Begin XCConfigurationList section */
		4C2791492A87E9BF00A40428 /* Build configuration list for PBXProject "YWWidget" */ = {
			isa = XCConfigurationList;
			buildConfigurations = (
				4C27915B2A87E9C500A40428 /* Debug */,
				4C27915C2A87E9C500A40428 /* Release */,
			);
			defaultConfigurationIsVisible = 0;
			defaultConfigurationName = Release;
		};
		4C27915D2A87E9C500A40428 /* Build configuration list for PBXNativeTarget "YWWidget" */ = {
			isa = XCConfigurationList;
			buildConfigurations = (
				4C27915E2A87E9C500A40428 /* Debug */,
				4C27915F2A87E9C500A40428 /* Release */,
			);
			defaultConfigurationIsVisible = 0;
			defaultConfigurationName = Release;
		};
		4C27918A2A87F05400A40428 /* Build configuration list for PBXNativeTarget "WeatherWidgetExtension" */ = {
			isa = XCConfigurationList;
			buildConfigurations = (
				4C27918B2A87F05400A40428 /* Debug */,
				4C27918C2A87F05400A40428 /* Release */,
			);
			defaultConfigurationIsVisible = 0;
			defaultConfigurationName = Release;
		};
/* End XCConfigurationList section */
	};
	rootObject = 4C2791462A87E9BF00A40428 /* Project object */;
}
